{
  "nodes": {
    "flake-utils": {
      "inputs": {
        "systems": "systems"
      },
      "locked": {
        "lastModified": 1705309234,
        "narHash": "sha256-uNRRNRKmJyCRC/8y1RqBkqWBLM034y4qN7EprSdmgyA=",
        "owner": "numtide",
        "repo": "flake-utils",
        "rev": "1ef2e671c3b0c19053962c07dbda38332dcebf26",
        "type": "github"
      },
      "original": {
        "owner": "numtide",
        "repo": "flake-utils",
        "type": "github"
      }
    },
    "nitro-util": {
      "inputs": {
        "flake-utils": "flake-utils",
        "nixpkgs": [
          "nixpkgs"
        ]
      },
      "locked": {
        "lastModified": 1709309551,
        "narHash": "sha256-Gvij2xIxkjvJsL29psyHSHyL5dmnetT2f8hEgAijcF8=",
        "owner": "monzo",
        "repo": "aws-nitro-util",
        "rev": "30f00b95b8a1074efa508a7d6a5684aad97dee47",
        "type": "github"
      },
      "original": {
        "owner": "monzo",
        "ref": "kernel",
        "repo": "aws-nitro-util",
        "type": "github"
      }
    },
    "nixpkgs": {
      "locked": {
        "lastModified": 1708807242,
        "narHash": "sha256-sRTRkhMD4delO/hPxxi+XwLqPn8BuUq6nnj4JqLwOu0=",
        "owner": "NixOS",
        "repo": "nixpkgs",
        "rev": "73de017ef2d18a04ac4bfd0c02650007ccb31c2a",
        "type": "github"
      },
      "original": {
        "owner": "NixOS",
        "repo": "nixpkgs",
        "rev": "73de017ef2d18a04ac4bfd0c02650007ccb31c2a",
        "type": "github"
      }
    },
    "root": {
      "inputs": {
        "nitro-util": "nitro-util",
        "nixpkgs": "nixpkgs"
      }
    },
    "systems": {
      "locked": {
        "lastModified": 1681028828,
        "narHash": "sha256-Vy1rq5AaRuLzOxct8nz4T6wlgyUR7zLU309k9mBC768=",
        "owner": "nix-systems",
        "repo": "default",
        "rev": "da67096a3b9bf56a91d16901293e51ba5b49a27e",
        "type": "github"
      },
      "original": {
        "owner": "nix-systems",
        "repo": "default",
        "type": "github"
      }
    }
  },
  "root": "root",
  "version": 7
}
